# THIS IS AN AUTOGENERATED FILE. DO NOT EDIT THIS FILE DIRECTLY.
# yarn lockfile v1


rxjs@^7.0.0-alpha.0:
  version "7.0.0-alpha.0"
  resolved "https://registry.yarnpkg.com/rxjs/-/rxjs-7.0.0-alpha.0.tgz#8123daf3a9fa994536ca0089dbc448f7cde98403"
  integrity sha512-dX5CjwuWIuo4uHI5u1ou8w/2qMZyt025qiLoiYgSoYKiLS4czmJhSlptXGUi/2KAVJlHpMHiKNyhnVODg68xVw==
  dependencies:
    tslib "^1.9.0"

tslib@^1.9.0:
  version "1.10.0"
  resolved "https://registry.yarnpkg.com/tslib/-/tslib-1.10.0.tgz#c3c19f95973fb0a62973fb09d90d961ee43e5c8a"
  integrity sha512-qOebF53frne81cf0S9B41ByenJ3/IuH8yJKngAX35CmiZySA0khhkovshKK+jGCaMnVomla7gVlIcc3EvKPbTQ==

typescript@^3.7.4:
  version "3.7.4"
  resolved "https://registry.yarnpkg.com/typescript/-/typescript-3.7.4.tgz#1743a5ec5fef6a1fa9f3e4708e33c81c73876c19"
  integrity sha512-A25xv5XCtarLwXpcDNZzCGvW2D1S3/bACratYBx2sax8PefsFhlYmkQicKHvpYflFS8if4zne5zT5kpJ7pzuvw==
